// !$*UTF8*$!
{
	archiveVersion = 1;
	classes = {
	};
	objectVersion = 55;
	objects = {

/* Begin PBXBuildFile section */
		02E802E3287FAF16004987C0 /* AppDelegate.swift in Sources */ = {isa = PBXBuildFile; fileRef = 02E802E2287FAF16004987C0 /* AppDelegate.swift */; };
		02E802E5287FAF16004987C0 /* SceneDelegate.swift in Sources */ = {isa = PBXBuildFile; fileRef = 02E802E4287FAF16004987C0 /* SceneDelegate.swift */; };
		02E802E7287FAF16004987C0 /* ViewController.swift in Sources */ = {isa = PBXBuildFile; fileRef = 02E802E6287FAF16004987C0 /* ViewController.swift */; };
		02E802EA287FAF16004987C0 /* Main.storyboard in Resources */ = {isa = PBXBuildFile; fileRef = 02E802E8287FAF16004987C0 /* Main.storyboard */; };
		02E802EC287FAF1A004987C0 /* Assets.xcassets in Resources */ = {isa = PBXBuildFile; fileRef = 02E802EB287FAF1A004987C0 /* Assets.xcassets */; };
		02E802EF287FAF1A004987C0 /* LaunchScreen.storyboard in Resources */ = {isa = PBXBuildFile; fileRef = 02E802ED287FAF1A004987C0 /* LaunchScreen.storyboard */; };
		02E802FA287FAF1B004987C0 /* BookStore_WesleyPereiraTests.swift in Sources */ = {isa = PBXBuildFile; fileRef = 02E802F9287FAF1B004987C0 /* BookStore_WesleyPereiraTests.swift */; };
		02E80304287FAF1B004987C0 /* BookStore_WesleyPereiraUITests.swift in Sources */ = {isa = PBXBuildFile; fileRef = 02E80303287FAF1B004987C0 /* BookStore_WesleyPereiraUITests.swift */; };
		02E80306287FAF1B004987C0 /* BookStore_WesleyPereiraUITestsLaunchTests.swift in Sources */ = {isa = PBXBuildFile; fileRef = 02E80305287FAF1B004987C0 /* BookStore_WesleyPereiraUITestsLaunchTests.swift */; };
/* End PBXBuildFile section */

/* Begin PBXContainerItemProxy section */
		02E802F6287FAF1B004987C0 /* PBXContainerItemProxy */ = {
			isa = PBXContainerItemProxy;
			containerPortal = 02E802D7287FAF16004987C0 /* Project object */;
			proxyType = 1;
			remoteGlobalIDString = 02E802DE287FAF16004987C0;
			remoteInfo = BookStore_WesleyPereira;
		};
		02E80300287FAF1B004987C0 /* PBXContainerItemProxy */ = {
			isa = PBXContainerItemProxy;
			containerPortal = 02E802D7287FAF16004987C0 /* Project object */;
			proxyType = 1;
			remoteGlobalIDString = 02E802DE287FAF16004987C0;
			remoteInfo = BookStore_WesleyPereira;
		};
/* End PBXContainerItemProxy section */

/* Begin PBXFileReference section */
		02E802DF287FAF16004987C0 /* BookStore_WesleyPereira.app */ = {isa = PBXFileReference; explicitFileType = wrapper.application; includeInIndex = 0; path = BookStore_WesleyPereira.app; sourceTree = BUILT_PRODUCTS_DIR; };
		02E802E2287FAF16004987C0 /* AppDelegate.swift */ = {isa = PBXFileReference; lastKnownFileType = sourcecode.swift; path = AppDelegate.swift; sourceTree = "<group>"; };
		02E802E4287FAF16004987C0 /* SceneDelegate.swift */ = {isa = PBXFileReference; lastKnownFileType = sourcecode.swift; path = SceneDelegate.swift; sourceTree = "<group>"; };
		02E802E6287FAF16004987C0 /* ViewController.swift */ = {isa = PBXFileReference; lastKnownFileType = sourcecode.swift; path = ViewController.swift; sourceTree = "<group>"; };
		02E802E9287FAF16004987C0 /* Base */ = {isa = PBXFileReference; lastKnownFileType = file.storyboard; name = Base; path = Base.lproj/Main.storyboard; sourceTree = "<group>"; };
		02E802EB287FAF1A004987C0 /* Assets.xcassets */ = {isa = PBXFileReference; lastKnownFileType = folder.assetcatalog; path = Assets.xcassets; sourceTree = "<group>"; };
		02E802EE287FAF1A004987C0 /* Base */ = {isa = PBXFileReference; lastKnownFileType = file.storyboard; name = Base; path = Base.lproj/LaunchScreen.storyboard; sourceTree = "<group>"; };
		02E802F0287FAF1A004987C0 /* Info.plist */ = {isa = PBXFileReference; lastKnownFileType = text.plist.xml; path = Info.plist; sourceTree = "<group>"; };
		02E802F5287FAF1B004987C0 /* BookStore_WesleyPereiraTests.xctest */ = {isa = PBXFileReference; explicitFileType = wrapper.cfbundle; includeInIndex = 0; path = BookStore_WesleyPereiraTests.xctest; sourceTree = BUILT_PRODUCTS_DIR; };
		02E802F9287FAF1B004987C0 /* BookStore_WesleyPereiraTests.swift */ = {isa = PBXFileReference; lastKnownFileType = sourcecode.swift; path = BookStore_WesleyPereiraTests.swift; sourceTree = "<group>"; };
		02E802FF287FAF1B004987C0 /* BookStore_WesleyPereiraUITests.xctest */ = {isa = PBXFileReference; explicitFileType = wrapper.cfbundle; includeInIndex = 0; path = BookStore_WesleyPereiraUITests.xctest; sourceTree = BUILT_PRODUCTS_DIR; };
		02E80303287FAF1B004987C0 /* BookStore_WesleyPereiraUITests.swift */ = {isa = PBXFileReference; lastKnownFileType = sourcecode.swift; path = BookStore_WesleyPereiraUITests.swift; sourceTree = "<group>"; };
		02E80305287FAF1B004987C0 /* BookStore_WesleyPereiraUITestsLaunchTests.swift */ = {isa = PBXFileReference; lastKnownFileType = sourcecode.swift; path = BookStore_WesleyPereiraUITestsLaunchTests.swift; sourceTree = "<group>"; };
/* End PBXFileReference section */

/* Begin PBXFrameworksBuildPhase section */
		02E802DC287FAF16004987C0 /* Frameworks */ = {
			isa = PBXFrameworksBuildPhase;
			buildActionMask = 2147483647;
			files = (
			);
			runOnlyForDeploymentPostprocessing = 0;
		};
		02E802F2287FAF1B004987C0 /* Frameworks */ = {
			isa = PBXFrameworksBuildPhase;
			buildActionMask = 2147483647;
			files = (
			);
			runOnlyForDeploymentPostprocessing = 0;
		};
		02E802FC287FAF1B004987C0 /* Frameworks */ = {
			isa = PBXFrameworksBuildPhase;
			buildActionMask = 2147483647;
			files = (
			);
			runOnlyForDeploymentPostprocessing = 0;
		};
/* End PBXFrameworksBuildPhase section */

/* Begin PBXGroup section */
		02E802D6287FAF16004987C0 = {
			isa = PBXGroup;
			children = (
				02E802E1287FAF16004987C0 /* BookStore_WesleyPereira */,
				02E802F8287FAF1B004987C0 /* BookStore_WesleyPereiraTests */,
				02E80302287FAF1B004987C0 /* BookStore_WesleyPereiraUITests */,
				02E802E0287FAF16004987C0 /* Products */,
			);
			sourceTree = "<group>";
		};
		02E802E0287FAF16004987C0 /* Products */ = {
			isa = PBXGroup;
			children = (
				02E802DF287FAF16004987C0 /* BookStore_WesleyPereira.app */,
				02E802F5287FAF1B004987C0 /* BookStore_WesleyPereiraTests.xctest */,
				02E802FF287FAF1B004987C0 /* BookStore_WesleyPereiraUITests.xctest */,
			);
			name = Products;
			sourceTree = "<group>";
		};
		02E802E1287FAF16004987C0 /* BookStore_WesleyPereira */ = {
			isa = PBXGroup;
			children = (
				02E802E2287FAF16004987C0 /* AppDelegate.swift */,
				02E802E4287FAF16004987C0 /* SceneDelegate.swift */,
				02E802E6287FAF16004987C0 /* ViewController.swift */,
				02E802E8287FAF16004987C0 /* Main.storyboard */,
				02E802EB287FAF1A004987C0 /* Assets.xcassets */,
				02E802ED287FAF1A004987C0 /* LaunchScreen.storyboard */,
				02E802F0287FAF1A004987C0 /* Info.plist */,
			);
			path = BookStore_WesleyPereira;
			sourceTree = "<group>";
		};
		02E802F8287FAF1B004987C0 /* BookStore_WesleyPereiraTests */ = {
			isa = PBXGroup;
			children = (
				02E802F9287FAF1B004987C0 /* BookStore_WesleyPereiraTests.swift */,
			);
			path = BookStore_WesleyPereiraTests;
			sourceTree = "<group>";
		};
		02E80302287FAF1B004987C0 /* BookStore_WesleyPereiraUITests */ = {
			isa = PBXGroup;
			children = (
				02E80303287FAF1B004987C0 /* BookStore_WesleyPereiraUITests.swift */,
				02E80305287FAF1B004987C0 /* BookStore_WesleyPereiraUITestsLaunchTests.swift */,
			);
			path = BookStore_WesleyPereiraUITests;
			sourceTree = "<group>";
		};
/* End PBXGroup section */

/* Begin PBXNativeTarget section */
		02E802DE287FAF16004987C0 /* BookStore_WesleyPereira */ = {
			isa = PBXNativeTarget;
			buildConfigurationList = 02E80309287FAF1B004987C0 /* Build configuration list for PBXNativeTarget "BookStore_WesleyPereira" */;
			buildPhases = (
				02E802DB287FAF16004987C0 /* Sources */,
				02E802DC287FAF16004987C0 /* Frameworks */,
				02E802DD287FAF16004987C0 /* Resources */,
			);
			buildRules = (
			);
			dependencies = (
			);
			name = BookStore_WesleyPereira;
			productName = BookStore_WesleyPereira;
			productReference = 02E802DF287FAF16004987C0 /* BookStore_WesleyPereira.app */;
			productType = "com.apple.product-type.application";
		};
		02E802F4287FAF1B004987C0 /* BookStore_WesleyPereiraTests */ = {
			isa = PBXNativeTarget;
			buildConfigurationList = 02E8030C287FAF1B004987C0 /* Build configuration list for PBXNativeTarget "BookStore_WesleyPereiraTests" */;
			buildPhases = (
				02E802F1287FAF1B004987C0 /* Sources */,
				02E802F2287FAF1B004987C0 /* Frameworks */,
				02E802F3287FAF1B004987C0 /* Resources */,
			);
			buildRules = (
			);
			dependencies = (
				02E802F7287FAF1B004987C0 /* PBXTargetDependency */,
			);
			name = BookStore_WesleyPereiraTests;
			productName = BookStore_WesleyPereiraTests;
			productReference = 02E802F5287FAF1B004987C0 /* BookStore_WesleyPereiraTests.xctest */;
			productType = "com.apple.product-type.bundle.unit-test";
		};
		02E802FE287FAF1B004987C0 /* BookStore_WesleyPereiraUITests */ = {
			isa = PBXNativeTarget;
			buildConfigurationList = 02E8030F287FAF1B004987C0 /* Build configuration list for PBXNativeTarget "BookStore_WesleyPereiraUITests" */;
			buildPhases = (
				02E802FB287FAF1B004987C0 /* Sources */,
				02E802FC287FAF1B004987C0 /* Frameworks */,
				02E802FD287FAF1B004987C0 /* Resources */,
			);
			buildRules = (
			);
			dependencies = (
				02E80301287FAF1B004987C0 /* PBXTargetDependency */,
			);
			name = BookStore_WesleyPereiraUITests;
			productName = BookStore_WesleyPereiraUITests;
			productReference = 02E802FF287FAF1B004987C0 /* BookStore_WesleyPereiraUITests.xctest */;
			productType = "com.apple.product-type.bundle.ui-testing";
		};
/* End PBXNativeTarget section */

/* Begin PBXProject section */
		02E802D7287FAF16004987C0 /* Project object */ = {
			isa = PBXProject;
			attributes = {
				BuildIndependentTargetsInParallel = 1;
				LastSwiftUpdateCheck = 1320;
				LastUpgradeCheck = 1320;
				TargetAttributes = {
					02E802DE287FAF16004987C0 = {
						CreatedOnToolsVersion = 13.2.1;
					};
					02E802F4287FAF1B004987C0 = {
						CreatedOnToolsVersion = 13.2.1;
						TestTargetID = 02E802DE287FAF16004987C0;
					};
					02E802FE287FAF1B004987C0 = {
						CreatedOnToolsVersion = 13.2.1;
						TestTargetID = 02E802DE287FAF16004987C0;
					};
				};
			};
			buildConfigurationList = 02E802DA287FAF16004987C0 /* Build configuration list for PBXProject "BookStore_WesleyPereira" */;
			compatibilityVersion = "Xcode 13.0";
			developmentRegion = en;
			hasScannedForEncodings = 0;
			knownRegions = (
				en,
				Base,
			);
			mainGroup = 02E802D6287FAF16004987C0;
			productRefGroup = 02E802E0287FAF16004987C0 /* Products */;
			projectDirPath = "";
			projectRoot = "";
			targets = (
				02E802DE287FAF16004987C0 /* BookStore_WesleyPereira */,
				02E802F4287FAF1B004987C0 /* BookStore_WesleyPereiraTests */,
				02E802FE287FAF1B004987C0 /* BookStore_WesleyPereiraUITests */,
			);
		};
/* End PBXProject section */

/* Begin PBXResourcesBuildPhase section */
		02E802DD287FAF16004987C0 /* Resources */ = {
			isa = PBXResourcesBuildPhase;
			buildActionMask = 2147483647;
			files = (
				02E802EF287FAF1A004987C0 /* LaunchScreen.storyboard in Resources */,
				02E802EC287FAF1A004987C0 /* Assets.xcassets in Resources */,
				02E802EA287FAF16004987C0 /* Main.storyboard in Resources */,
			);
			runOnlyForDeploymentPostprocessing = 0;
		};
		02E802F3287FAF1B004987C0 /* Resources */ = {
			isa = PBXResourcesBuildPhase;
			buildActionMask = 2147483647;
			files = (
			);
			runOnlyForDeploymentPostprocessing = 0;
		};
		02E802FD287FAF1B004987C0 /* Resources */ = {
			isa = PBXResourcesBuildPhase;
			buildActionMask = 2147483647;
			files = (
			);
			runOnlyForDeploymentPostprocessing = 0;
		};
/* End PBXResourcesBuildPhase section */

/* Begin PBXSourcesBuildPhase section */
		02E802DB287FAF16004987C0 /* Sources */ = {
			isa = PBXSourcesBuildPhase;
			buildActionMask = 2147483647;
			files = (
				02E802E7287FAF16004987C0 /* ViewController.swift in Sources */,
				02E802E3287FAF16004987C0 /* AppDelegate.swift in Sources */,
				02E802E5287FAF16004987C0 /* SceneDelegate.swift in Sources */,
			);
			runOnlyForDeploymentPostprocessing = 0;
		};
		02E802F1287FAF1B004987C0 /* Sources */ = {
			isa = PBXSourcesBuildPhase;
			buildActionMask = 2147483647;
			files = (
				02E802FA287FAF1B004987C0 /* BookStore_WesleyPereiraTests.swift in Sources */,
			);
			runOnlyForDeploymentPostprocessing = 0;
		};
		02E802FB287FAF1B004987C0 /* Sources */ = {
			isa = PBXSourcesBuildPhase;
			buildActionMask = 2147483647;
			files = (
				02E80304287FAF1B004987C0 /* BookStore_WesleyPereiraUITests.swift in Sources */,
				02E80306287FAF1B004987C0 /* BookStore_WesleyPereiraUITestsLaunchTests.swift in Sources */,
			);
			runOnlyForDeploymentPostprocessing = 0;
		};
/* End PBXSourcesBuildPhase section */

/* Begin PBXTargetDependency section */
		02E802F7287FAF1B004987C0 /* PBXTargetDependency */ = {
			isa = PBXTargetDependency;
			target = 02E802DE287FAF16004987C0 /* BookStore_WesleyPereira */;
			targetProxy = 02E802F6287FAF1B004987C0 /* PBXContainerItemProxy */;
		};
		02E80301287FAF1B004987C0 /* PBXTargetDependency */ = {
			isa = PBXTargetDependency;
			target = 02E802DE287FAF16004987C0 /* BookStore_WesleyPereira */;
			targetProxy = 02E80300287FAF1B004987C0 /* PBXContainerItemProxy */;
		};
/* End PBXTargetDependency section */

/* Begin PBXVariantGroup section */
		02E802E8287FAF16004987C0 /* Main.storyboard */ = {
			isa = PBXVariantGroup;
			children = (
				02E802E9287FAF16004987C0 /* Base */,
			);
			name = Main.storyboard;
			sourceTree = "<group>";
		};
		02E802ED287FAF1A004987C0 /* LaunchScreen.storyboard */ = {
			isa = PBXVariantGroup;
			children = (
				02E802EE287FAF1A004987C0 /* Base */,
			);
			name = LaunchScreen.storyboard;
			sourceTree = "<group>";
		};
/* End PBXVariantGroup section */

/* Begin XCBuildConfiguration section */
		02E80307287FAF1B004987C0 /* Debug */ = {
			isa = XCBuildConfiguration;
			buildSettings = {
				ALWAYS_SEARCH_USER_PATHS = NO;
				CLANG_ANALYZER_NONNULL = YES;
				CLANG_ANALYZER_NUMBER_OBJECT_CONVERSION = YES_AGGRESSIVE;
				CLANG_CXX_LANGUAGE_STANDARD = "gnu++17";
				CLANG_CXX_LIBRARY = "libc++";
				CLANG_ENABLE_MODULES = YES;
				CLANG_ENABLE_OBJC_ARC = YES;
				CLANG_ENABLE_OBJC_WEAK = YES;
				CLANG_WARN_BLOCK_CAPTURE_AUTORELEASING = YES;
				CLANG_WARN_BOOL_CONVERSION = YES;
				CLANG_WARN_COMMA = YES;
				CLANG_WARN_CONSTANT_CONVERSION = YES;
				CLANG_WARN_DEPRECATED_OBJC_IMPLEMENTATIONS = YES;
				CLANG_WARN_DIRECT_OBJC_ISA_USAGE = YES_ERROR;
				CLANG_WARN_DOCUMENTATION_COMMENTS = YES;
				CLANG_WARN_EMPTY_BODY = YES;
				CLANG_WARN_ENUM_CONVERSION = YES;
				CLANG_WARN_INFINITE_RECURSION = YES;
				CLANG_WARN_INT_CONVERSION = YES;
				CLANG_WARN_NON_LITERAL_NULL_CONVERSION = YES;
				CLANG_WARN_OBJC_IMPLICIT_RETAIN_SELF = YES;
				CLANG_WARN_OBJC_LITERAL_CONVERSION = YES;
				CLANG_WARN_OBJC_ROOT_CLASS = YES_ERROR;
				CLANG_WARN_QUOTED_INCLUDE_IN_FRAMEWORK_HEADER = YES;
				CLANG_WARN_RANGE_LOOP_ANALYSIS = YES;
				CLANG_WARN_STRICT_PROTOTYPES = YES;
				CLANG_WARN_SUSPICIOUS_MOVE = YES;
				CLANG_WARN_UNGUARDED_AVAILABILITY = YES_AGGRESSIVE;
				CLANG_WARN_UNREACHABLE_CODE = YES;
				CLANG_WARN__DUPLICATE_METHOD_MATCH = YES;
				COPY_PHASE_STRIP = NO;
				DEBUG_INFORMATION_FORMAT = dwarf;
				ENABLE_STRICT_OBJC_MSGSEND = YES;
				ENABLE_TESTABILITY = YES;
				GCC_C_LANGUAGE_STANDARD = gnu11;
				GCC_DYNAMIC_NO_PIC = NO;
				GCC_NO_COMMON_BLOCKS = YES;
				GCC_OPTIMIZATION_LEVEL = 0;
				GCC_PREPROCESSOR_DEFINITIONS = (
					"DEBUG=1",
					"$(inherited)",
				);
				GCC_WARN_64_TO_32_BIT_CONVERSION = YES;
				GCC_WARN_ABOUT_RETURN_TYPE = YES_ERROR;
				GCC_WARN_UNDECLARED_SELECTOR = YES;
				GCC_WARN_UNINITIALIZED_AUTOS = YES_AGGRESSIVE;
				GCC_WARN_UNUSED_FUNCTION = YES;
				GCC_WARN_UNUSED_VARIABLE = YES;
				IPHONEOS_DEPLOYMENT_TARGET = 15.2;
				MTL_ENABLE_DEBUG_INFO = INCLUDE_SOURCE;
				MTL_FAST_MATH = YES;
				ONLY_ACTIVE_ARCH = YES;
				SDKROOT = iphoneos;
				SWIFT_ACTIVE_COMPILATION_CONDITIONS = DEBUG;
				SWIFT_OPTIMIZATION_LEVEL = "-Onone";
			};
			name = Debug;
		};
		02E80308287FAF1B004987C0 /* Release */ = {
			isa = XCBuildConfiguration;
			buildSettings = {
				ALWAYS_SEARCH_USER_PATHS = NO;
				CLANG_ANALYZER_NONNULL = YES;
				CLANG_ANALYZER_NUMBER_OBJECT_CONVERSION = YES_AGGRESSIVE;
				CLANG_CXX_LANGUAGE_STANDARD = "gnu++17";
				CLANG_CXX_LIBRARY = "libc++";
				CLANG_ENABLE_MODULES = YES;
				CLANG_ENABLE_OBJC_ARC = YES;
				CLANG_ENABLE_OBJC_WEAK = YES;
				CLANG_WARN_BLOCK_CAPTURE_AUTORELEASING = YES;
				CLANG_WARN_BOOL_CONVERSION = YES;
				CLANG_WARN_COMMA = YES;
				CLANG_WARN_CONSTANT_CONVERSION = YES;
				CLANG_WARN_DEPRECATED_OBJC_IMPLEMENTATIONS = YES;
				CLANG_WARN_DIRECT_OBJC_ISA_USAGE = YES_ERROR;
				CLANG_WARN_DOCUMENTATION_COMMENTS = YES;
				CLANG_WARN_EMPTY_BODY = YES;
				CLANG_WARN_ENUM_CONVERSION = YES;
				CLANG_WARN_INFINITE_RECURSION = YES;
				CLANG_WARN_INT_CONVERSION = YES;
				CLANG_WARN_NON_LITERAL_NULL_CONVERSION = YES;
				CLANG_WARN_OBJC_IMPLICIT_RETAIN_SELF = YES;
				CLANG_WARN_OBJC_LITERAL_CONVERSION = YES;
				CLANG_WARN_OBJC_ROOT_CLASS = YES_ERROR;
				CLANG_WARN_QUOTED_INCLUDE_IN_FRAMEWORK_HEADER = YES;
				CLANG_WARN_RANGE_LOOP_ANALYSIS = YES;
				CLANG_WARN_STRICT_PROTOTYPES = YES;
				CLANG_WARN_SUSPICIOUS_MOVE = YES;
				CLANG_WARN_UNGUARDED_AVAILABILITY = YES_AGGRESSIVE;
				CLANG_WARN_UNREACHABLE_CODE = YES;
				CLANG_WARN__DUPLICATE_METHOD_MATCH = YES;
				COPY_PHASE_STRIP = NO;
				DEBUG_INFORMATION_FORMAT = "dwarf-with-dsym";
				ENABLE_NS_ASSERTIONS = NO;
				ENABLE_STRICT_OBJC_MSGSEND = YES;
				GCC_C_LANGUAGE_STANDARD = gnu11;
				GCC_NO_COMMON_BLOCKS = YES;
				GCC_WARN_64_TO_32_BIT_CONVERSION = YES;
				GCC_WARN_ABOUT_RETURN_TYPE = YES_ERROR;
				GCC_WARN_UNDECLARED_SELECTOR = YES;
				GCC_WARN_UNINITIALIZED_AUTOS = YES_AGGRESSIVE;
				GCC_WARN_UNUSED_FUNCTION = YES;
				GCC_WARN_UNUSED_VARIABLE = YES;
				IPHONEOS_DEPLOYMENT_TARGET = 15.2;
				MTL_ENABLE_DEBUG_INFO = NO;
				MTL_FAST_MATH = YES;
				SDKROOT = iphoneos;
				SWIFT_COMPILATION_MODE = wholemodule;
				SWIFT_OPTIMIZATION_LEVEL = "-O";
				VALIDATE_PRODUCT = YES;
			};
			name = Release;
		};
		02E8030A287FAF1B004987C0 /* Debug */ = {
			isa = XCBuildConfiguration;
			buildSettings = {
				ASSETCATALOG_COMPILER_APPICON_NAME = AppIcon;
				ASSETCATALOG_COMPILER_GLOBAL_ACCENT_COLOR_NAME = AccentColor;
				CODE_SIGN_STYLE = Automatic;
				CURRENT_PROJECT_VERSION = 1;
				DEVELOPMENT_TEAM = 39UGBN8T6V;
				GENERATE_INFOPLIST_FILE = YES;
				INFOPLIST_FILE = BookStore_WesleyPereira/Info.plist;
				INFOPLIST_KEY_UIApplicationSupportsIndirectInputEvents = YES;
				INFOPLIST_KEY_UILaunchStoryboardName = LaunchScreen;
				INFOPLIST_KEY_UIMainStoryboardFile = Main;
				INFOPLIST_KEY_UISupportedInterfaceOrientations_iPad = "UIInterfaceOrientationPortrait UIInterfaceOrientationPortraitUpsideDown UIInterfaceOrientationLandscapeLeft UIInterfaceOrientationLandscapeRight";
				INFOPLIST_KEY_UISupportedInterfaceOrientations_iPhone = "UIInterfaceOrientationPortrait UIInterfaceOrientationLandscapeLeft UIInterfaceOrientationLandscapeRight";
				LD_RUNPATH_SEARCH_PATHS = (
					"$(inherited)",
					"@executable_path/Frameworks",
				);
				MARKETING_VERSION = 1.0;
				PRODUCT_BUNDLE_IDENTIFIER = "com.wesley.BookStore-WesleyPereira";
				PRODUCT_NAME = "$(TARGET_NAME)";
				SWIFT_EMIT_LOC_STRINGS = YES;
				SWIFT_VERSION = 5.0;
				TARGETED_DEVICE_FAMILY = "1,2";
			};
			name = Debug;
		};
		02E8030B287FAF1B004987C0 /* Release */ = {
			isa = XCBuildConfiguration;
			buildSettings = {
				ASSETCATALOG_COMPILER_APPICON_NAME = AppIcon;
				ASSETCATALOG_COMPILER_GLOBAL_ACCENT_COLOR_NAME = AccentColor;
				CODE_SIGN_STYLE = Automatic;
				CURRENT_PROJECT_VERSION = 1;
				DEVELOPMENT_TEAM = 39UGBN8T6V;
				GENERATE_INFOPLIST_FILE = YES;
				INFOPLIST_FILE = BookStore_WesleyPereira/Info.plist;
				INFOPLIST_KEY_UIApplicationSupportsIndirectInputEvents = YES;
				INFOPLIST_KEY_UILaunchStoryboardName = LaunchScreen;
				INFOPLIST_KEY_UIMainStoryboardFile = Main;
				INFOPLIST_KEY_UISupportedInterfaceOrientations_iPad = "UIInterfaceOrientationPortrait UIInterfaceOrientationPortraitUpsideDown UIInterfaceOrientationLandscapeLeft UIInterfaceOrientationLandscapeRight";
				INFOPLIST_KEY_UISupportedInterfaceOrientations_iPhone = "UIInterfaceOrientationPortrait UIInterfaceOrientationLandscapeLeft UIInterfaceOrientationLandscapeRight";
				LD_RUNPATH_SEARCH_PATHS = (
					"$(inherited)",
					"@executable_path/Frameworks",
				);
				MARKETING_VERSION = 1.0;
				PRODUCT_BUNDLE_IDENTIFIER = "com.wesley.BookStore-WesleyPereira";
				PRODUCT_NAME = "$(TARGET_NAME)";
				SWIFT_EMIT_LOC_STRINGS = YES;
				SWIFT_VERSION = 5.0;
				TARGETED_DEVICE_FAMILY = "1,2";
			};
			name = Release;
		};
		02E8030D287FAF1B004987C0 /* Debug */ = {
			isa = XCBuildConfiguration;
			buildSettings = {
				ALWAYS_EMBED_SWIFT_STANDARD_LIBRARIES = YES;
				BUNDLE_LOADER = "$(TEST_HOST)";
				CODE_SIGN_STYLE = Automatic;
				CURRENT_PROJECT_VERSION = 1;
				DEVELOPMENT_TEAM = 39UGBN8T6V;
				GENERATE_INFOPLIST_FILE = YES;
				IPHONEOS_DEPLOYMENT_TARGET = 15.2;
				MARKETING_VERSION = 1.0;
				PRODUCT_BUNDLE_IDENTIFIER = "com.wesley.BookStore-WesleyPereiraTests";
				PRODUCT_NAME = "$(TARGET_NAME)";
				SWIFT_EMIT_LOC_STRINGS = NO;
				SWIFT_VERSION = 5.0;
				TARGETED_DEVICE_FAMILY = "1,2";
				TEST_HOST = "$(BUILT_PRODUCTS_DIR)/BookStore_WesleyPereira.app/BookStore_WesleyPereira";
			};
			name = Debug;
		};
		02E8030E287FAF1B004987C0 /* Release */ = {
			isa = XCBuildConfiguration;
			buildSettings = {
				ALWAYS_EMBED_SWIFT_STANDARD_LIBRARIES = YES;
				BUNDLE_LOADER = "$(TEST_HOST)";
				CODE_SIGN_STYLE = Automatic;
				CURRENT_PROJECT_VERSION = 1;
				DEVELOPMENT_TEAM = 39UGBN8T6V;
				GENERATE_INFOPLIST_FILE = YES;
				IPHONEOS_DEPLOYMENT_TARGET = 15.2;
				MARKETING_VERSION = 1.0;
				PRODUCT_BUNDLE_IDENTIFIER = "com.wesley.BookStore-WesleyPereiraTests";
				PRODUCT_NAME = "$(TARGET_NAME)";
				SWIFT_EMIT_LOC_STRINGS = NO;
				SWIFT_VERSION = 5.0;
				TARGETED_DEVICE_FAMILY = "1,2";
				TEST_HOST = "$(BUILT_PRODUCTS_DIR)/BookStore_WesleyPereira.app/BookStore_WesleyPereira";
			};
			name = Release;
		};
		02E80310287FAF1B004987C0 /* Debug */ = {
			isa = XCBuildConfiguration;
			buildSettings = {
				ALWAYS_EMBED_SWIFT_STANDARD_LIBRARIES = YES;
				CODE_SIGN_STYLE = Automatic;
				CURRENT_PROJECT_VERSION = 1;
				DEVELOPMENT_TEAM = 39UGBN8T6V;
				GENERATE_INFOPLIST_FILE = YES;
				MARKETING_VERSION = 1.0;
				PRODUCT_BUNDLE_IDENTIFIER = "com.wesley.BookStore-WesleyPereiraUITests";
				PRODUCT_NAME = "$(TARGET_NAME)";
				SWIFT_EMIT_LOC_STRINGS = NO;
				SWIFT_VERSION = 5.0;
				TARGETED_DEVICE_FAMILY = "1,2";
				TEST_TARGET_NAME = BookStore_WesleyPereira;
			};
			name = Debug;
		};
		02E80311287FAF1B004987C0 /* Release */ = {
			isa = XCBuildConfiguration;
			buildSettings = {
				ALWAYS_EMBED_SWIFT_STANDARD_LIBRARIES = YES;
				CODE_SIGN_STYLE = Automatic;
				CURRENT_PROJECT_VERSION = 1;
				DEVELOPMENT_TEAM = 39UGBN8T6V;
				GENERATE_INFOPLIST_FILE = YES;
				MARKETING_VERSION = 1.0;
				PRODUCT_BUNDLE_IDENTIFIER = "com.wesley.BookStore-WesleyPereiraUITests";
				PRODUCT_NAME = "$(TARGET_NAME)";
				SWIFT_EMIT_LOC_STRINGS = NO;
				SWIFT_VERSION = 5.0;
				TARGETED_DEVICE_FAMILY = "1,2";
				TEST_TARGET_NAME = BookStore_WesleyPereira;
			};
			name = Release;
		};
/* End XCBuildConfiguration section */

/* Begin XCConfigurationList section */
		02E802DA287FAF16004987C0 /* Build configuration list for PBXProject "BookStore_WesleyPereira" */ = {
			isa = XCConfigurationList;
			buildConfigurations = (
				02E80307287FAF1B004987C0 /* Debug */,
				02E80308287FAF1B004987C0 /* Release */,
			);
			defaultConfigurationIsVisible = 0;
			defaultConfigurationName = Release;
		};
		02E80309287FAF1B004987C0 /* Build configuration list for PBXNativeTarget "BookStore_WesleyPereira" */ = {
			isa = XCConfigurationList;
			buildConfigurations = (
				02E8030A287FAF1B004987C0 /* Debug */,
				02E8030B287FAF1B004987C0 /* Release */,
			);
			defaultConfigurationIsVisible = 0;
			defaultConfigurationName = Release;
		};
		02E8030C287FAF1B004987C0 /* Build configuration list for PBXNativeTarget "BookStore_WesleyPereiraTests" */ = {
			isa = XCConfigurationList;
			buildConfigurations = (
				02E8030D287FAF1B004987C0 /* Debug */,
				02E8030E287FAF1B004987C0 /* Release */,
			);
			defaultConfigurationIsVisible = 0;
			defaultConfigurationName = Release;
		};
		02E8030F287FAF1B004987C0 /* Build configuration list for PBXNativeTarget "BookStore_WesleyPereiraUITests" */ = {
			isa = XCConfigurationList;
			buildConfigurations = (
				02E80310287FAF1B004987C0 /* Debug */,
				02E80311287FAF1B004987C0 /* Release */,
			);
			defaultConfigurationIsVisible = 0;
			defaultConfigurationName = Release;
		};
/* End XCConfigurationList section */
	};
	rootObject = 02E802D7287FAF16004987C0 /* Project object */;
}
